{
  "name": "wolf-pets",
  "lockfileVersion": 3,
  "requires": true,
  "packages": {
    "": {
      "name": "wolf-pets",
      "dependencies": {
        "@minecraft/common": "^1.2.0",
        "@minecraft/server": "^1.17.0",
        "@minecraft/server-ui": "^1.3.0",
        "@minecraft/vanilla-data": "^1.21.50",
        "json5": "^2.2.3",
        "prettier-plugin-multiline-arrays": "^3.0.6",
        "prettier-plugin-organize-imports": "^3.2.4",
        "shulker": "^0.7.0"
      },
      "devDependencies": {
        "prettier": "^3.3.3"
      }
    },
    "node_modules/@augment-vir/common": {
      "version": "28.2.4",
      "resolved": "https://registry.npmjs.org/@augment-vir/common/-/common-28.2.4.tgz",
      "integrity": "sha512-5Ib0OX7YlxAuFrG+MAoTsz6RlKMcbdMdoNGcEEKH/ezc/ZKMy/IHZ9Z/ZcCHYopZ4ocGXzVY4KUOiJ8+CXXvTA==",
      "license": "MIT",
      "dependencies": {
        "browser-or-node": "^3.0.0",
        "run-time-assertions": "^1.5.1",
        "type-fest": "^4.20.1"
      }
    },
    "node_modules/@minecraft/common": {
      "version": "1.2.0",
      "resolved": "https://registry.npmjs.org/@minecraft/common/-/common-1.2.0.tgz",
      "integrity": "sha512-JdmEq4P3Z/FtoBzhLijFgMSVFnFRrUoLwY8DHHrgtFo0mfLTOLTB1RErYjLMsA6b7BGVNxkX/pfFRiH7QZ0XwQ==",
      "license": "MIT"
    },
    "node_modules/@minecraft/server": {
      "version": "1.19.0",
      "resolved": "https://registry.npmjs.org/@minecraft/server/-/server-1.19.0.tgz",
      "integrity": "sha512-Nq42tLYRcH8AIxpBq1F9/sXia75Vp7k7SXnV+t+yaFNKHwE7LZIfJ3TSbQ4THWTbf1VjwnbSUfJ0qVb3aTDCug==",
      "license": "MIT",
      "dependencies": {
        "@minecraft/common": "^1.1.0"
      },
      "peerDependencies": {
        "@minecraft/vanilla-data": ">=1.20.70"
      }
    },
    "node_modules/@minecraft/server-ui": {
      "version": "1.3.0",
      "resolved": "https://registry.npmjs.org/@minecraft/server-ui/-/server-ui-1.3.0.tgz",
      "integrity": "sha512-Vgo7s+gxjHaNmm8lYTW+HL1JguyZggsn1UB86++eqV1KoRlLnqJH1wBJU2OIb1kQ6HXH0pnL206pxmRy7lmmjg==",
      "license": "MIT",
      "dependencies": {
        "@minecraft/common": "^1.0.0",
        "@minecraft/server": "^1.3.0"
      }
    },
    "node_modules/@minecraft/vanilla-data": {
      "version": "1.21.93",
      "resolved": "https://registry.npmjs.org/@minecraft/vanilla-data/-/vanilla-data-1.21.93.tgz",
      "integrity": "sha512-w5SDYzS02D1i307mnCGdCsLnWpJN1wjWvrSqvCMcqVnTQzAGp6ID5sv6QrjX8FypFEvAgOSB2Isvw38yu3yDag==",
      "license": "MIT"
    },
    "node_modules/bedrock-ts": {
      "version": "0.6.0",
      "resolved": "https://registry.npmjs.org/bedrock-ts/-/bedrock-ts-0.6.0.tgz",
      "integrity": "sha512-lHp7qVUMXL3hCfN/3OXyAjgWiC/R9Y7PEwm3ZqAlT7QSSUbOJvG1Rv/bUJzBBnPhtukZFCadNa+JiKKew93Ldw=="
    },
    "node_modules/browser-or-node": {
      "version": "3.0.0",
      "resolved": "https://registry.npmjs.org/browser-or-node/-/browser-or-node-3.0.0.tgz",
      "integrity": "sha512-iczIdVJzGEYhP5DqQxYM9Hh7Ztpqqi+CXZpSmX8ALFs9ecXkQIeqRyM6TfxEfMVpwhl3dSuDvxdzzo9sUOIVBQ==",
      "license": "MIT"
    },
    "node_modules/expect-type": {
      "version": "0.15.0",
      "resolved": "https://registry.npmjs.org/expect-type/-/expect-type-0.15.0.tgz",
      "integrity": "sha512-yWnriYB4e8G54M5/fAFj7rCIBiKs1HAACaY13kCz6Ku0dezjS9aMcfcdVK2X8Tv2tEV1BPz/wKfQ7WA4S/d8aA==",
      "license": "Apache-2.0"
    },
    "node_modules/json5": {
      "version": "2.2.3",
      "resolved": "https://registry.npmjs.org/json5/-/json5-2.2.3.tgz",
      "integrity": "sha512-XmOWe7eyHYH14cLdVPoyg+GOH3rYX++KpzrylJwSW98t3Nk+U8XOl8FWKOgwtzdb8lXGf6zYwDUzeHMWfxasyg==",
      "license": "MIT",
      "bin": {
        "json5": "lib/cli.js"
      },
      "engines": {
        "node": ">=6"
      }
    },
    "node_modules/prettier": {
      "version": "3.6.2",
      "resolved": "https://registry.npmjs.org/prettier/-/prettier-3.6.2.tgz",
      "integrity": "sha512-I7AIg5boAr5R0FFtJ6rCfD+LFsWHp81dolrFD8S79U9tb8Az2nGrJncnMSnys+bpQJfRUzqs9hnA81OAA3hCuQ==",
      "license": "MIT",
      "bin": {
        "prettier": "bin/prettier.cjs"
      },
      "engines": {
        "node": ">=14"
      },
      "funding": {
        "url": "https://github.com/prettier/prettier?sponsor=1"
      }
    },
    "node_modules/prettier-plugin-multiline-arrays": {
      "version": "3.0.6",
      "resolved": "https://registry.npmjs.org/prettier-plugin-multiline-arrays/-/prettier-plugin-multiline-arrays-3.0.6.tgz",
      "integrity": "sha512-FrWVa7MoDQo9b5XoLPrqIDClb0k+O8wOIsIr1DutRXhcerLY8PfIe/yYeTVD/vpRISkSXCBEYmj5Voe0wb5dEQ==",
      "license": "(MIT or CC0 1.0)",
      "dependencies": {
        "@augment-vir/common": "^28.1.0",
        "proxy-vir": "^1.0.0"
      },
      "peerDependencies": {
        "prettier": ">=3.0.0"
      }
    },
    "node_modules/prettier-plugin-organize-imports": {
      "version": "3.2.4",
      "resolved": "https://registry.npmjs.org/prettier-plugin-organize-imports/-/prettier-plugin-organize-imports-3.2.4.tgz",
      "integrity": "sha512-6m8WBhIp0dfwu0SkgfOxJqh+HpdyfqSSLfKKRZSFbDuEQXDDndb8fTpRWkUrX/uBenkex3MgnVk0J3b3Y5byog==",
      "license": "MIT",
      "peerDependencies": {
        "@volar/vue-language-plugin-pug": "^1.0.4",
        "@volar/vue-typescript": "^1.0.4",
        "prettier": ">=2.0",
        "typescript": ">=2.9"
      },
      "peerDependenciesMeta": {
        "@volar/vue-language-plugin-pug": {
          "optional": true
        },
        "@volar/vue-typescript": {
          "optional": true
        }
      }
    },
    "node_modules/proxy-vir": {
      "version": "1.0.0",
      "resolved": "https://registry.npmjs.org/proxy-vir/-/proxy-vir-1.0.0.tgz",
      "integrity": "sha512-WV1gkBxUOwLSz0Bn09tisIqLK7leAqtFm/474t3L0hQKJw7/gdrkGcWw0/OT1PhSy+TDS6swfq7Niuoq3XJhkQ==",
      "license": "(MIT or CC0 1.0)",
      "dependencies": {
        "@augment-vir/common": "^23.3.4"
      }
    },
    "node_modules/proxy-vir/node_modules/@augment-vir/common": {
      "version": "23.4.0",
      "resolved": "https://registry.npmjs.org/@augment-vir/common/-/common-23.4.0.tgz",
      "integrity": "sha512-QIrJ1doD00TNbOzeVrk9KgPTzRlIjayxERnhtbQjK/AFPj5yElcB03GbnGdQZPzws/R+5gfMM5cZiH7QyBP+Kg==",
      "license": "MIT",
      "dependencies": {
        "browser-or-node": "^2.1.1",
        "run-time-assertions": "^1.0.0",
        "type-fest": "^4.10.2"
      }
    },
    "node_modules/proxy-vir/node_modules/browser-or-node": {
      "version": "2.1.1",
      "resolved": "https://registry.npmjs.org/browser-or-node/-/browser-or-node-2.1.1.tgz",
      "integrity": "sha512-8CVjaLJGuSKMVTxJ2DpBl5XnlNDiT4cQFeuCJJrvJmts9YrTZDizTX7PjC2s6W4x+MBGZeEY6dGMrF04/6Hgqg==",
      "license": "MIT"
    },
    "node_modules/run-time-assertions": {
      "version": "1.5.2",
      "resolved": "https://registry.npmjs.org/run-time-assertions/-/run-time-assertions-1.5.2.tgz",
      "integrity": "sha512-ccfwvjGuNU14cSSXLlmPRiqEgMfA7w3J2TViO79zMnzXGvE6FJ0dxnhIQGwe5r/vwySOJ4sqZksexo9wyAlA8g==",
      "deprecated": "Use @augment-vir/assert instead.",
      "license": "(MIT or CC0 1.0)",
      "dependencies": {
        "@augment-vir/common": "^29.3.0",
        "expect-type": "~0.15.0",
        "type-fest": "^4.22.0"
      }
    },
    "node_modules/run-time-assertions/node_modules/@augment-vir/common": {
      "version": "29.3.0",
      "resolved": "https://registry.npmjs.org/@augment-vir/common/-/common-29.3.0.tgz",
      "integrity": "sha512-k3OX35/576thmGUzQUBcCKGarb7ONBfiu07+iV2vxmjl7VoB1rOB0vu8WqgB1ceJq2EMLDPXY18hHpJ9WeTHXQ==",
      "license": "MIT",
      "dependencies": {
        "browser-or-node": "^3.0.0",
        "run-time-assertions": "^1.5.1",
        "type-fest": "^4.21.0"
      }
    },
    "node_modules/shulker": {
      "version": "0.7.0",
      "resolved": "https://registry.npmjs.org/shulker/-/shulker-0.7.0.tgz",
      "integrity": "sha512-/rqjowfL162Mx26At8vf8oqIvpwQ3dcqwGCaTjSI/BYSuvif975JaMrm1AOSd9aaTvA6FkEM1t8r0lJp6l6D/w==",
      "dependencies": {
        "bedrock-ts": "^0.6.0"
      },
      "peerDependencies": {
        "@minecraft/server": "^1.16.0"
      }
    },
    "node_modules/type-fest": {
      "version": "4.41.0",
      "resolved": "https://registry.npmjs.org/type-fest/-/type-fest-4.41.0.tgz",
      "integrity": "sha512-TeTSQ6H5YHvpqVwBRcnLDCBnDOHWYu7IvGbHT6N8AOymcr9PJGjc1GTtiWZTYg0NCgYwvnYWEkVChQAr9bjfwA==",
      "license": "(MIT OR CC0-1.0)",
      "engines": {
        "node": ">=16"
      },
      "funding": {
        "url": "https://github.com/sponsors/sindresorhus"
      }
    },
    "node_modules/typescript": {
      "version": "5.8.3",
      "resolved": "https://registry.npmjs.org/typescript/-/typescript-5.8.3.tgz",
      "integrity": "sha512-p1diW6TqL9L07nNxvRMM7hMMw4c5XOo/1ibL4aAIGmSAt9slTE1Xgw5KWuof2uTOvCg9BY7ZRi+GaF+7sfgPeQ==",
      "license": "Apache-2.0",
      "peer": true,
      "bin": {
        "tsc": "bin/tsc",
        "tsserver": "bin/tsserver"
      },
      "engines": {
        "node": ">=14.17"
      }
    }
  }
}
